PODS:
  - SENTSDK (5.11.2):
    - TensorFlowLiteC (~> 2.4.0)
  - SPPermissions (6.8.4):
    - SPPermissions/Core (= 6.8.4)
  - SPPermissions/Core (6.8.4)
  - SPPermissions/LocationAlways (6.8.4):
    - SPPermissions/Core
  - SPPermissions/LocationWhenInUse (6.8.4):
    - SPPermissions/Core
  - SPPermissions/Motion (6.8.4):
    - SPPermissions/Core
  - TensorFlowLiteC (2.4.0):
    - TensorFlowLiteC/Core (= 2.4.0)
  - TensorFlowLiteC/Core (2.4.0)

DEPENDENCIES:
  - SENTSDK
  - SPPermissions
  - SPPermissions/LocationAlways
  - SPPermissions/LocationWhenInUse
  - SPPermissions/Motion

SPEC REPOS:
  trunk:
    - SENTSDK
    - SPPermissions
    - TensorFlowLiteC

SPEC CHECKSUMS:
  SENTSDK: f5c734062a53645eeee3f3cafe3a6a2dd800d32b
  SPPermissions: 5bcd18d1f599bdd008182bcbcc0b1c9eb59787a5
  TensorFlowLiteC: 09f8ac75a76caeadb19bcfa694e97454cc1ecf87

PODFILE CHECKSUM: 2e981bd362606a2a7d90a8419bb676ffe03460b4

COCOAPODS: 1.11.2
